
Microsoft Visual Studio Solution File, Format Version 12.00
# Visual Studio Version 17
VisualStudioVersion = 17.5.33502.453
MinimumVisualStudioVersion = 10.0.40219.1
Project("{2150E333-8FDC-42A3-9474-1A3956D46DE8}") = "Internal", "Internal", "{4E6BE4CD-CC3C-46DF-AD77-83A9E8AE3AC9}"
	ProjectSection(SolutionItems) = preProject
		Internal\.editorconfig = Internal\.editorconfig
	EndProjectSection
EndProject
Project("{2150E333-8FDC-42A3-9474-1A3956D46DE8}") = "Scripts", "Scripts", "{1F53BE45-8E8B-41B8-AB59-8E658A22B279}"
EndProject
Project("{2150E333-8FDC-42A3-9474-1A3956D46DE8}") = "CompanionFiles", "CompanionFiles", "{FB52C25B-07E3-4427-B8D7-EDCDED0BC0B7}"
EndProject
Project("{2150E333-8FDC-42A3-9474-1A3956D46DE8}") = "Skyline DataMiner", "Skyline DataMiner", "{A0067126-6561-45F3-B75F-86E45D979204}"
	ProjectSection(SolutionItems) = preProject
		CompanionFiles\Skyline DataMiner\AboutThisFolder.md = CompanionFiles\Skyline DataMiner\AboutThisFolder.md
	EndProjectSection
EndProject
Project("{2150E333-8FDC-42A3-9474-1A3956D46DE8}") = "Documentation", "Documentation", "{00424D28-3774-4FF8-B1E1-9056DDE0A503}"
	ProjectSection(SolutionItems) = preProject
		Documentation\ABOUT.md = Documentation\ABOUT.md
		README.md = README.md
	EndProjectSection
EndProject
Project("{2150E333-8FDC-42A3-9474-1A3956D46DE8}") = "Tests", "Tests", "{F8938D60-51A0-4880-9CFC-19C66379BB5D}"
EndProject
Project("{2150E333-8FDC-42A3-9474-1A3956D46DE8}") = "Code Analysis", "Code Analysis", "{DC1CBFF7-86E5-4AAA-839F-38AB4CA9DD5B}"
	ProjectSection(SolutionItems) = preProject
		Internal\Code Analysis\qaction-debug.ruleset = Internal\Code Analysis\qaction-debug.ruleset
		Internal\Code Analysis\qaction-release.ruleset = Internal\Code Analysis\qaction-release.ruleset
		Internal\Code Analysis\stylecop.json = Internal\Code Analysis\stylecop.json
	EndProjectSection
EndProject
Project("{2150E333-8FDC-42A3-9474-1A3956D46DE8}") = "GetSubscriptionTable", "GetSubscriptionTable", "{28A0E46C-DF2B-4853-9208-23647E54C51A}"
	ProjectSection(SolutionItems) = preProject
		GetSubscriptionTable.xml = GetSubscriptionTable.xml
	EndProjectSection
EndProject
Project("{2150E333-8FDC-42A3-9474-1A3956D46DE8}") = "Actions", "Actions", "{4623D730-7065-47BE-8EB1-A88D43C880BE}"
EndProject
Project("{9A19103F-16F7-4668-BE54-9A1E7A4F7556}") = "GetSubscriptionTable_1", "GetSubscriptionTable_1\GetSubscriptionTable_1.csproj", "{613D64BC-A940-4E2E-AE3A-FB1FB68A57C9}"
EndProject
Global
	GlobalSection(SolutionConfigurationPlatforms) = preSolution
		Debug|Any CPU = Debug|Any CPU
		Release|Any CPU = Release|Any CPU
	EndGlobalSection
	GlobalSection(ProjectConfigurationPlatforms) = postSolution
		{613D64BC-A940-4E2E-AE3A-FB1FB68A57C9}.Debug|Any CPU.ActiveCfg = Debug|Any CPU
		{613D64BC-A940-4E2E-AE3A-FB1FB68A57C9}.Debug|Any CPU.Build.0 = Debug|Any CPU
		{613D64BC-A940-4E2E-AE3A-FB1FB68A57C9}.Release|Any CPU.ActiveCfg = Release|Any CPU
		{613D64BC-A940-4E2E-AE3A-FB1FB68A57C9}.Release|Any CPU.Build.0 = Release|Any CPU
	EndGlobalSection
	GlobalSection(SolutionProperties) = preSolution
		HideSolutionNode = FALSE
	EndGlobalSection
	GlobalSection(NestedProjects) = preSolution
		{A0067126-6561-45F3-B75F-86E45D979204} = {FB52C25B-07E3-4427-B8D7-EDCDED0BC0B7}
		{DC1CBFF7-86E5-4AAA-839F-38AB4CA9DD5B} = {4E6BE4CD-CC3C-46DF-AD77-83A9E8AE3AC9}
		{28A0E46C-DF2B-4853-9208-23647E54C51A} = {1F53BE45-8E8B-41B8-AB59-8E658A22B279}
		{4623D730-7065-47BE-8EB1-A88D43C880BE} = {28A0E46C-DF2B-4853-9208-23647E54C51A}
		{613D64BC-A940-4E2E-AE3A-FB1FB68A57C9} = {4623D730-7065-47BE-8EB1-A88D43C880BE}
	EndGlobalSection
	GlobalSection(ExtensibilityGlobals) = postSolution
		SolutionGuid = {6915A810-28B0-4A60-A98F-8FEB8AF14A5D}
	EndGlobalSection
EndGlobal
